
Microsoft Visual Studio Solution File, Format Version 12.00
# Visual Studio 15
VisualStudioVersion = 15.0.26430.16
MinimumVisualStudioVersion = 10.0.40219.1
Project("{9A19103F-16F7-4668-BE54-9A1E7A4F7556}") = "CodeFight.Tests", "CodeFight.Tests\CodeFight.Tests.csproj", "{D34989F6-EA8F-42DC-BEAB-00C8562546E5}"
EndProject
Project("{9A19103F-16F7-4668-BE54-9A1E7A4F7556}") = "CodeFight", "CodeFight\CodeFight.csproj", "{855AE448-AB2F-48B7-8832-99B3E446D2C4}"
EndProject
Global
	GlobalSection(SolutionConfigurationPlatforms) = preSolution
		Debug|Any CPU = Debug|Any CPU
		Release|Any CPU = Release|Any CPU
	EndGlobalSection
	GlobalSection(ProjectConfigurationPlatforms) = postSolution
		{D34989F6-EA8F-42DC-BEAB-00C8562546E5}.Debug|Any CPU.ActiveCfg = Debug|Any CPU
		{D34989F6-EA8F-42DC-BEAB-00C8562546E5}.Debug|Any CPU.Build.0 = Debug|Any CPU
		{D34989F6-EA8F-42DC-BEAB-00C8562546E5}.Release|Any CPU.ActiveCfg = Release|Any CPU
		{D34989F6-EA8F-42DC-BEAB-00C8562546E5}.Release|Any CPU.Build.0 = Release|Any CPU
		{855AE448-AB2F-48B7-8832-99B3E446D2C4}.Debug|Any CPU.ActiveCfg = Debug|Any CPU
		{855AE448-AB2F-48B7-8832-99B3E446D2C4}.Debug|Any CPU.Build.0 = Debug|Any CPU
		{855AE448-AB2F-48B7-8832-99B3E446D2C4}.Release|Any CPU.ActiveCfg = Release|Any CPU
		{855AE448-AB2F-48B7-8832-99B3E446D2C4}.Release|Any CPU.Build.0 = Release|Any CPU
	EndGlobalSection
	GlobalSection(SolutionProperties) = preSolution
		HideSolutionNode = FALSE
	EndGlobalSection
EndGlobal
